
Microsoft Visual Studio Solution File, Format Version 12.00
# Visual Studio Version 16
VisualStudioVersion = 16.0.30204.135
MinimumVisualStudioVersion = 10.0.40219.1
Project("{FAE04EC0-301F-11D3-BF4B-00C04F79EFBC}") = "Cwiczenia10", "Cwiczenia10\Cwiczenia10.csproj", "{2DBD7C9E-FE81-4C4B-B3B3-4FEB13577CBF}"
EndProject
Global
	GlobalSection(SolutionConfigurationPlatforms) = preSolution
		Debug|Any CPU = Debug|Any CPU
		Release|Any CPU = Release|Any CPU
	EndGlobalSection
	GlobalSection(ProjectConfigurationPlatforms) = postSolution
		{2DBD7C9E-FE81-4C4B-B3B3-4FEB13577CBF}.Debug|Any CPU.ActiveCfg = Debug|Any CPU
		{2DBD7C9E-FE81-4C4B-B3B3-4FEB13577CBF}.Debug|Any CPU.Build.0 = Debug|Any CPU
		{2DBD7C9E-FE81-4C4B-B3B3-4FEB13577CBF}.Release|Any CPU.ActiveCfg = Release|Any CPU
		{2DBD7C9E-FE81-4C4B-B3B3-4FEB13577CBF}.Release|Any CPU.Build.0 = Release|Any CPU
	EndGlobalSection
	GlobalSection(SolutionProperties) = preSolution
		HideSolutionNode = FALSE
	EndGlobalSection
	GlobalSection(ExtensibilityGlobals) = postSolution
		SolutionGuid = {D6789A12-D8A5-4A6C-8645-C3ED63DFCFDE}
	EndGlobalSection
EndGlobal
